// !$*UTF8*$!
{
	archiveVersion = 1;
	classes = {
	};
	objectVersion = 56;
	objects = {

/* Begin PBXBuildFile section */
		890113EE2A68DABB0005F319 /* AppDelegate.swift in Sources */ = {isa = PBXBuildFile; fileRef = 890113ED2A68DABB0005F319 /* AppDelegate.swift */; };
		890113F02A68DABB0005F319 /* SceneDelegate.swift in Sources */ = {isa = PBXBuildFile; fileRef = 890113EF2A68DABB0005F319 /* SceneDelegate.swift */; };
		890113F52A68DABB0005F319 /* Main.storyboard in Resources */ = {isa = PBXBuildFile; fileRef = 890113F32A68DABB0005F319 /* Main.storyboard */; };
		890113F72A68DABD0005F319 /* Assets.xcassets in Resources */ = {isa = PBXBuildFile; fileRef = 890113F62A68DABD0005F319 /* Assets.xcassets */; };
		890113FA2A68DABD0005F319 /* LaunchScreen.storyboard in Resources */ = {isa = PBXBuildFile; fileRef = 890113F82A68DABD0005F319 /* LaunchScreen.storyboard */; };
		890114022A68DBE90005F319 /* DatePickerViewController.swift in Sources */ = {isa = PBXBuildFile; fileRef = 890114012A68DBE90005F319 /* DatePickerViewController.swift */; };
		890114042A6923120005F319 /* TestViewController.swift in Sources */ = {isa = PBXBuildFile; fileRef = 890114032A6923120005F319 /* TestViewController.swift */; };
		890114062A692E910005F319 /* NewlyCoinedWordViewController.swift in Sources */ = {isa = PBXBuildFile; fileRef = 890114052A692E910005F319 /* NewlyCoinedWordViewController.swift */; };
		8901140E2A6935760005F319 /* UIColor+.swift in Sources */ = {isa = PBXBuildFile; fileRef = 8901140D2A6935760005F319 /* UIColor+.swift */; };
		890114102A6937F60005F319 /* UITextField+.swift in Sources */ = {isa = PBXBuildFile; fileRef = 8901140F2A6937F60005F319 /* UITextField+.swift */; };
		890114142A6A0F0F0005F319 /* AutoLayoutPractice.storyboard in Resources */ = {isa = PBXBuildFile; fileRef = 890114132A6A0F0F0005F319 /* AutoLayoutPractice.storyboard */; };
		890114162A6A10DE0005F319 /* AutoLayoutExample.storyboard in Resources */ = {isa = PBXBuildFile; fileRef = 890114152A6A10DE0005F319 /* AutoLayoutExample.storyboard */; };
		8901142B2A6A4AF80005F319 /* WordViewController.swift in Sources */ = {isa = PBXBuildFile; fileRef = 8901142A2A6A4AF80005F319 /* WordViewController.swift */; };
/* End PBXBuildFile section */

/* Begin PBXFileReference section */
		890113EA2A68DABB0005F319 /* NewlyCoinedWord.app */ = {isa = PBXFileReference; explicitFileType = wrapper.application; includeInIndex = 0; path = NewlyCoinedWord.app; sourceTree = BUILT_PRODUCTS_DIR; };
		890113ED2A68DABB0005F319 /* AppDelegate.swift */ = {isa = PBXFileReference; lastKnownFileType = sourcecode.swift; path = AppDelegate.swift; sourceTree = "<group>"; };
		890113EF2A68DABB0005F319 /* SceneDelegate.swift */ = {isa = PBXFileReference; lastKnownFileType = sourcecode.swift; path = SceneDelegate.swift; sourceTree = "<group>"; };
		890113F42A68DABB0005F319 /* Base */ = {isa = PBXFileReference; lastKnownFileType = file.storyboard; name = Base; path = Base.lproj/Main.storyboard; sourceTree = "<group>"; };
		890113F62A68DABD0005F319 /* Assets.xcassets */ = {isa = PBXFileReference; lastKnownFileType = folder.assetcatalog; path = Assets.xcassets; sourceTree = "<group>"; };
		890113F92A68DABD0005F319 /* Base */ = {isa = PBXFileReference; lastKnownFileType = file.storyboard; name = Base; path = Base.lproj/LaunchScreen.storyboard; sourceTree = "<group>"; };
		890113FB2A68DABD0005F319 /* Info.plist */ = {isa = PBXFileReference; lastKnownFileType = text.plist.xml; path = Info.plist; sourceTree = "<group>"; };
		890114012A68DBE90005F319 /* DatePickerViewController.swift */ = {isa = PBXFileReference; lastKnownFileType = sourcecode.swift; path = DatePickerViewController.swift; sourceTree = "<group>"; };
		890114032A6923120005F319 /* TestViewController.swift */ = {isa = PBXFileReference; lastKnownFileType = sourcecode.swift; path = TestViewController.swift; sourceTree = "<group>"; };
		890114052A692E910005F319 /* NewlyCoinedWordViewController.swift */ = {isa = PBXFileReference; lastKnownFileType = sourcecode.swift; path = NewlyCoinedWordViewController.swift; sourceTree = "<group>"; };
		8901140D2A6935760005F319 /* UIColor+.swift */ = {isa = PBXFileReference; lastKnownFileType = sourcecode.swift; path = "UIColor+.swift"; sourceTree = "<group>"; };
		8901140F2A6937F60005F319 /* UITextField+.swift */ = {isa = PBXFileReference; lastKnownFileType = sourcecode.swift; path = "UITextField+.swift"; sourceTree = "<group>"; };
		890114132A6A0F0F0005F319 /* AutoLayoutPractice.storyboard */ = {isa = PBXFileReference; lastKnownFileType = file.storyboard; path = AutoLayoutPractice.storyboard; sourceTree = "<group>"; };
		890114152A6A10DE0005F319 /* AutoLayoutExample.storyboard */ = {isa = PBXFileReference; lastKnownFileType = file.storyboard; path = AutoLayoutExample.storyboard; sourceTree = "<group>"; };
		8901142A2A6A4AF80005F319 /* WordViewController.swift */ = {isa = PBXFileReference; lastKnownFileType = sourcecode.swift; path = WordViewController.swift; sourceTree = "<group>"; };
/* End PBXFileReference section */

/* Begin PBXFrameworksBuildPhase section */
		890113E72A68DABB0005F319 /* Frameworks */ = {
			isa = PBXFrameworksBuildPhase;
			buildActionMask = 2147483647;
			files = (
			);
			runOnlyForDeploymentPostprocessing = 0;
		};
/* End PBXFrameworksBuildPhase section */

/* Begin PBXGroup section */
		890113E12A68DABB0005F319 = {
			isa = PBXGroup;
			children = (
				890113EC2A68DABB0005F319 /* NewlyCoinedWord */,
				890113EB2A68DABB0005F319 /* Products */,
			);
			sourceTree = "<group>";
		};
		890113EB2A68DABB0005F319 /* Products */ = {
			isa = PBXGroup;
			children = (
				890113EA2A68DABB0005F319 /* NewlyCoinedWord.app */,
			);
			name = Products;
			sourceTree = "<group>";
		};
		890113EC2A68DABB0005F319 /* NewlyCoinedWord */ = {
			isa = PBXGroup;
			children = (
				890113ED2A68DABB0005F319 /* AppDelegate.swift */,
				890113EF2A68DABB0005F319 /* SceneDelegate.swift */,
				8901140C2A6935670005F319 /* Extensions */,
				890114072A6932260005F319 /* DatePicker */,
				890114082A6932360005F319 /* NewlyCoinedWord */,
				8901142C2A6A4AFD0005F319 /* AutoLayoutPractice */,
				890113F32A68DABB0005F319 /* Main.storyboard */,
				890113F82A68DABD0005F319 /* LaunchScreen.storyboard */,
				890113F62A68DABD0005F319 /* Assets.xcassets */,
				890113FB2A68DABD0005F319 /* Info.plist */,
			);
			path = NewlyCoinedWord;
			sourceTree = "<group>";
		};
		890114072A6932260005F319 /* DatePicker */ = {
			isa = PBXGroup;
			children = (
				890114012A68DBE90005F319 /* DatePickerViewController.swift */,
				890114032A6923120005F319 /* TestViewController.swift */,
			);
			path = DatePicker;
			sourceTree = "<group>";
		};
		890114082A6932360005F319 /* NewlyCoinedWord */ = {
			isa = PBXGroup;
			children = (
				890114052A692E910005F319 /* NewlyCoinedWordViewController.swift */,
			);
			path = NewlyCoinedWord;
			sourceTree = "<group>";
		};
		8901140C2A6935670005F319 /* Extensions */ = {
			isa = PBXGroup;
			children = (
				8901140D2A6935760005F319 /* UIColor+.swift */,
				8901140F2A6937F60005F319 /* UITextField+.swift */,
			);
			path = Extensions;
			sourceTree = "<group>";
		};
		8901142C2A6A4AFD0005F319 /* AutoLayoutPractice */ = {
			isa = PBXGroup;
			children = (
				890114132A6A0F0F0005F319 /* AutoLayoutPractice.storyboard */,
				890114152A6A10DE0005F319 /* AutoLayoutExample.storyboard */,
				8901142A2A6A4AF80005F319 /* WordViewController.swift */,
			);
			path = AutoLayoutPractice;
			sourceTree = "<group>";
		};
/* End PBXGroup section */

/* Begin PBXNativeTarget section */
		890113E92A68DABB0005F319 /* NewlyCoinedWord */ = {
			isa = PBXNativeTarget;
			buildConfigurationList = 890113FE2A68DABD0005F319 /* Build configuration list for PBXNativeTarget "NewlyCoinedWord" */;
			buildPhases = (
				890113E62A68DABB0005F319 /* Sources */,
				890113E72A68DABB0005F319 /* Frameworks */,
				890113E82A68DABB0005F319 /* Resources */,
			);
			buildRules = (
			);
			dependencies = (
			);
			name = NewlyCoinedWord;
			productName = NewlyCoinedWord;
			productReference = 890113EA2A68DABB0005F319 /* NewlyCoinedWord.app */;
			productType = "com.apple.product-type.application";
		};
/* End PBXNativeTarget section */

/* Begin PBXProject section */
		890113E22A68DABB0005F319 /* Project object */ = {
			isa = PBXProject;
			attributes = {
				BuildIndependentTargetsInParallel = 1;
				LastSwiftUpdateCheck = 1430;
				LastUpgradeCheck = 1430;
				TargetAttributes = {
					890113E92A68DABB0005F319 = {
						CreatedOnToolsVersion = 14.3.1;
					};
				};
			};
			buildConfigurationList = 890113E52A68DABB0005F319 /* Build configuration list for PBXProject "NewlyCoinedWord" */;
			compatibilityVersion = "Xcode 14.0";
			developmentRegion = en;
			hasScannedForEncodings = 0;
			knownRegions = (
				en,
				Base,
			);
			mainGroup = 890113E12A68DABB0005F319;
			productRefGroup = 890113EB2A68DABB0005F319 /* Products */;
			projectDirPath = "";
			projectRoot = "";
			targets = (
				890113E92A68DABB0005F319 /* NewlyCoinedWord */,
			);
		};
/* End PBXProject section */

/* Begin PBXResourcesBuildPhase section */
		890113E82A68DABB0005F319 /* Resources */ = {
			isa = PBXResourcesBuildPhase;
			buildActionMask = 2147483647;
			files = (
				890113FA2A68DABD0005F319 /* LaunchScreen.storyboard in Resources */,
				890113F72A68DABD0005F319 /* Assets.xcassets in Resources */,
				890114162A6A10DE0005F319 /* AutoLayoutExample.storyboard in Resources */,
				890114142A6A0F0F0005F319 /* AutoLayoutPractice.storyboard in Resources */,
				890113F52A68DABB0005F319 /* Main.storyboard in Resources */,
			);
			runOnlyForDeploymentPostprocessing = 0;
		};
/* End PBXResourcesBuildPhase section */

/* Begin PBXSourcesBuildPhase section */
		890113E62A68DABB0005F319 /* Sources */ = {
			isa = PBXSourcesBuildPhase;
			buildActionMask = 2147483647;
			files = (
				890113EE2A68DABB0005F319 /* AppDelegate.swift in Sources */,
				890113F02A68DABB0005F319 /* SceneDelegate.swift in Sources */,
				890114102A6937F60005F319 /* UITextField+.swift in Sources */,
				890114042A6923120005F319 /* TestViewController.swift in Sources */,
				890114022A68DBE90005F319 /* DatePickerViewController.swift in Sources */,
				890114062A692E910005F319 /* NewlyCoinedWordViewController.swift in Sources */,
				8901142B2A6A4AF80005F319 /* WordViewController.swift in Sources */,
				8901140E2A6935760005F319 /* UIColor+.swift in Sources */,
			);
			runOnlyForDeploymentPostprocessing = 0;
		};
/* End PBXSourcesBuildPhase section */

/* Begin PBXVariantGroup section */
		890113F32A68DABB0005F319 /* Main.storyboard */ = {
			isa = PBXVariantGroup;
			children = (
				890113F42A68DABB0005F319 /* Base */,
			);
			name = Main.storyboard;
			sourceTree = "<group>";
		};
		890113F82A68DABD0005F319 /* LaunchScreen.storyboard */ = {
			isa = PBXVariantGroup;
			children = (
				890113F92A68DABD0005F319 /* Base */,
			);
			name = LaunchScreen.storyboard;
			sourceTree = "<group>";
		};
/* End PBXVariantGroup section */

/* Begin XCBuildConfiguration section */
		890113FC2A68DABD0005F319 /* Debug */ = {
			isa = XCBuildConfiguration;
			buildSettings = {
				ALWAYS_SEARCH_USER_PATHS = NO;
				CLANG_ANALYZER_NONNULL = YES;
				CLANG_ANALYZER_NUMBER_OBJECT_CONVERSION = YES_AGGRESSIVE;
				CLANG_CXX_LANGUAGE_STANDARD = "gnu++20";
				CLANG_ENABLE_MODULES = YES;
				CLANG_ENABLE_OBJC_ARC = YES;
				CLANG_ENABLE_OBJC_WEAK = YES;
				CLANG_WARN_BLOCK_CAPTURE_AUTORELEASING = YES;
				CLANG_WARN_BOOL_CONVERSION = YES;
				CLANG_WARN_COMMA = YES;
				CLANG_WARN_CONSTANT_CONVERSION = YES;
				CLANG_WARN_DEPRECATED_OBJC_IMPLEMENTATIONS = YES;
				CLANG_WARN_DIRECT_OBJC_ISA_USAGE = YES_ERROR;
				CLANG_WARN_DOCUMENTATION_COMMENTS = YES;
				CLANG_WARN_EMPTY_BODY = YES;
				CLANG_WARN_ENUM_CONVERSION = YES;
				CLANG_WARN_INFINITE_RECURSION = YES;
				CLANG_WARN_INT_CONVERSION = YES;
				CLANG_WARN_NON_LITERAL_NULL_CONVERSION = YES;
				CLANG_WARN_OBJC_IMPLICIT_RETAIN_SELF = YES;
				CLANG_WARN_OBJC_LITERAL_CONVERSION = YES;
				CLANG_WARN_OBJC_ROOT_CLASS = YES_ERROR;
				CLANG_WARN_QUOTED_INCLUDE_IN_FRAMEWORK_HEADER = YES;
				CLANG_WARN_RANGE_LOOP_ANALYSIS = YES;
				CLANG_WARN_STRICT_PROTOTYPES = YES;
				CLANG_WARN_SUSPICIOUS_MOVE = YES;
				CLANG_WARN_UNGUARDED_AVAILABILITY = YES_AGGRESSIVE;
				CLANG_WARN_UNREACHABLE_CODE = YES;
				CLANG_WARN__DUPLICATE_METHOD_MATCH = YES;
				COPY_PHASE_STRIP = NO;
				DEBUG_INFORMATION_FORMAT = dwarf;
				ENABLE_STRICT_OBJC_MSGSEND = YES;
				ENABLE_TESTABILITY = YES;
				GCC_C_LANGUAGE_STANDARD = gnu11;
				GCC_DYNAMIC_NO_PIC = NO;
				GCC_NO_COMMON_BLOCKS = YES;
				GCC_OPTIMIZATION_LEVEL = 0;
				GCC_PREPROCESSOR_DEFINITIONS = (
					"DEBUG=1",
					"$(inherited)",
				);
				GCC_WARN_64_TO_32_BIT_CONVERSION = YES;
				GCC_WARN_ABOUT_RETURN_TYPE = YES_ERROR;
				GCC_WARN_UNDECLARED_SELECTOR = YES;
				GCC_WARN_UNINITIALIZED_AUTOS = YES_AGGRESSIVE;
				GCC_WARN_UNUSED_FUNCTION = YES;
				GCC_WARN_UNUSED_VARIABLE = YES;
				IPHONEOS_DEPLOYMENT_TARGET = 16.4;
				MTL_ENABLE_DEBUG_INFO = INCLUDE_SOURCE;
				MTL_FAST_MATH = YES;
				ONLY_ACTIVE_ARCH = YES;
				SDKROOT = iphoneos;
				SWIFT_ACTIVE_COMPILATION_CONDITIONS = DEBUG;
				SWIFT_OPTIMIZATION_LEVEL = "-Onone";
			};
			name = Debug;
		};
		890113FD2A68DABD0005F319 /* Release */ = {
			isa = XCBuildConfiguration;
			buildSettings = {
				ALWAYS_SEARCH_USER_PATHS = NO;
				CLANG_ANALYZER_NONNULL = YES;
				CLANG_ANALYZER_NUMBER_OBJECT_CONVERSION = YES_AGGRESSIVE;
				CLANG_CXX_LANGUAGE_STANDARD = "gnu++20";
				CLANG_ENABLE_MODULES = YES;
				CLANG_ENABLE_OBJC_ARC = YES;
				CLANG_ENABLE_OBJC_WEAK = YES;
				CLANG_WARN_BLOCK_CAPTURE_AUTORELEASING = YES;
				CLANG_WARN_BOOL_CONVERSION = YES;
				CLANG_WARN_COMMA = YES;
				CLANG_WARN_CONSTANT_CONVERSION = YES;
				CLANG_WARN_DEPRECATED_OBJC_IMPLEMENTATIONS = YES;
				CLANG_WARN_DIRECT_OBJC_ISA_USAGE = YES_ERROR;
				CLANG_WARN_DOCUMENTATION_COMMENTS = YES;
				CLANG_WARN_EMPTY_BODY = YES;
				CLANG_WARN_ENUM_CONVERSION = YES;
				CLANG_WARN_INFINITE_RECURSION = YES;
				CLANG_WARN_INT_CONVERSION = YES;
				CLANG_WARN_NON_LITERAL_NULL_CONVERSION = YES;
				CLANG_WARN_OBJC_IMPLICIT_RETAIN_SELF = YES;
				CLANG_WARN_OBJC_LITERAL_CONVERSION = YES;
				CLANG_WARN_OBJC_ROOT_CLASS = YES_ERROR;
				CLANG_WARN_QUOTED_INCLUDE_IN_FRAMEWORK_HEADER = YES;
				CLANG_WARN_RANGE_LOOP_ANALYSIS = YES;
				CLANG_WARN_STRICT_PROTOTYPES = YES;
				CLANG_WARN_SUSPICIOUS_MOVE = YES;
				CLANG_WARN_UNGUARDED_AVAILABILITY = YES_AGGRESSIVE;
				CLANG_WARN_UNREACHABLE_CODE = YES;
				CLANG_WARN__DUPLICATE_METHOD_MATCH = YES;
				COPY_PHASE_STRIP = NO;
				DEBUG_INFORMATION_FORMAT = "dwarf-with-dsym";
				ENABLE_NS_ASSERTIONS = NO;
				ENABLE_STRICT_OBJC_MSGSEND = YES;
				GCC_C_LANGUAGE_STANDARD = gnu11;
				GCC_NO_COMMON_BLOCKS = YES;
				GCC_WARN_64_TO_32_BIT_CONVERSION = YES;
				GCC_WARN_ABOUT_RETURN_TYPE = YES_ERROR;
				GCC_WARN_UNDECLARED_SELECTOR = YES;
				GCC_WARN_UNINITIALIZED_AUTOS = YES_AGGRESSIVE;
				GCC_WARN_UNUSED_FUNCTION = YES;
				GCC_WARN_UNUSED_VARIABLE = YES;
				IPHONEOS_DEPLOYMENT_TARGET = 16.4;
				MTL_ENABLE_DEBUG_INFO = NO;
				MTL_FAST_MATH = YES;
				SDKROOT = iphoneos;
				SWIFT_COMPILATION_MODE = wholemodule;
				SWIFT_OPTIMIZATION_LEVEL = "-O";
				VALIDATE_PRODUCT = YES;
			};
			name = Release;
		};
		890113FF2A68DABD0005F319 /* Debug */ = {
			isa = XCBuildConfiguration;
			buildSettings = {
				ASSETCATALOG_COMPILER_APPICON_NAME = AppIcon;
				ASSETCATALOG_COMPILER_GLOBAL_ACCENT_COLOR_NAME = AccentColor;
				CODE_SIGN_STYLE = Automatic;
				CURRENT_PROJECT_VERSION = 1;
				DEVELOPMENT_TEAM = 67D46DJNPH;
				GENERATE_INFOPLIST_FILE = YES;
				INFOPLIST_FILE = NewlyCoinedWord/Info.plist;
				INFOPLIST_KEY_UIApplicationSupportsIndirectInputEvents = YES;
				INFOPLIST_KEY_UILaunchStoryboardName = LaunchScreen;
				INFOPLIST_KEY_UIMainStoryboardFile = Main;
				INFOPLIST_KEY_UISupportedInterfaceOrientations_iPad = "UIInterfaceOrientationPortrait UIInterfaceOrientationPortraitUpsideDown UIInterfaceOrientationLandscapeLeft UIInterfaceOrientationLandscapeRight";
				INFOPLIST_KEY_UISupportedInterfaceOrientations_iPhone = "UIInterfaceOrientationPortrait UIInterfaceOrientationLandscapeLeft UIInterfaceOrientationLandscapeRight";
				IPHONEOS_DEPLOYMENT_TARGET = 13.4;
				LD_RUNPATH_SEARCH_PATHS = (
					"$(inherited)",
					"@executable_path/Frameworks",
				);
				MARKETING_VERSION = 1.0;
				PRODUCT_BUNDLE_IDENTIFIER = com.yescoachdev.NewlyCoinedWord;
				PRODUCT_NAME = "$(TARGET_NAME)";
				SWIFT_EMIT_LOC_STRINGS = YES;
				SWIFT_VERSION = 5.0;
				TARGETED_DEVICE_FAMILY = "1,2";
			};
			name = Debug;
		};
		890114002A68DABD0005F319 /* Release */ = {
			isa = XCBuildConfiguration;
			buildSettings = {
				ASSETCATALOG_COMPILER_APPICON_NAME = AppIcon;
				ASSETCATALOG_COMPILER_GLOBAL_ACCENT_COLOR_NAME = AccentColor;
				CODE_SIGN_STYLE = Automatic;
				CURRENT_PROJECT_VERSION = 1;
				DEVELOPMENT_TEAM = 67D46DJNPH;
				GENERATE_INFOPLIST_FILE = YES;
				INFOPLIST_FILE = NewlyCoinedWord/Info.plist;
				INFOPLIST_KEY_UIApplicationSupportsIndirectInputEvents = YES;
				INFOPLIST_KEY_UILaunchStoryboardName = LaunchScreen;
				INFOPLIST_KEY_UIMainStoryboardFile = Main;
				INFOPLIST_KEY_UISupportedInterfaceOrientations_iPad = "UIInterfaceOrientationPortrait UIInterfaceOrientationPortraitUpsideDown UIInterfaceOrientationLandscapeLeft UIInterfaceOrientationLandscapeRight";
				INFOPLIST_KEY_UISupportedInterfaceOrientations_iPhone = "UIInterfaceOrientationPortrait UIInterfaceOrientationLandscapeLeft UIInterfaceOrientationLandscapeRight";
				IPHONEOS_DEPLOYMENT_TARGET = 13.4;
				LD_RUNPATH_SEARCH_PATHS = (
					"$(inherited)",
					"@executable_path/Frameworks",
				);
				MARKETING_VERSION = 1.0;
				PRODUCT_BUNDLE_IDENTIFIER = com.yescoachdev.NewlyCoinedWord;
				PRODUCT_NAME = "$(TARGET_NAME)";
				SWIFT_EMIT_LOC_STRINGS = YES;
				SWIFT_VERSION = 5.0;
				TARGETED_DEVICE_FAMILY = "1,2";
			};
			name = Release;
		};
/* End XCBuildConfiguration section */

/* Begin XCConfigurationList section */
		890113E52A68DABB0005F319 /* Build configuration list for PBXProject "NewlyCoinedWord" */ = {
			isa = XCConfigurationList;
			buildConfigurations = (
				890113FC2A68DABD0005F319 /* Debug */,
				890113FD2A68DABD0005F319 /* Release */,
			);
			defaultConfigurationIsVisible = 0;
			defaultConfigurationName = Release;
		};
		890113FE2A68DABD0005F319 /* Build configuration list for PBXNativeTarget "NewlyCoinedWord" */ = {
			isa = XCConfigurationList;
			buildConfigurations = (
				890113FF2A68DABD0005F319 /* Debug */,
				890114002A68DABD0005F319 /* Release */,
			);
			defaultConfigurationIsVisible = 0;
			defaultConfigurationName = Release;
		};
/* End XCConfigurationList section */
	};
	rootObject = 890113E22A68DABB0005F319 /* Project object */;
}
